// !$*UTF8*$!
{
	archiveVersion = 1;
	classes = {
	};
	objectVersion = 46;
	objects = {

/* Begin PBXBuildFile section */
		1D3623260D0F684500981E51 /* LoginToXMPPAppDelegate.m in Sources */ = {isa = PBXBuildFile; fileRef = 1D3623250D0F684500981E51 /* LoginToXMPPAppDelegate.m */; };
		1D60589B0D05DD56006BFB54 /* main.m in Sources */ = {isa = PBXBuildFile; fileRef = 29B97316FDCFA39411CA2CEA /* main.m */; };
		1D60589F0D05DD5A006BFB54 /* Foundation.framework in Frameworks */ = {isa = PBXBuildFile; fileRef = 1D30AB110D05D00D00671497 /* Foundation.framework */; };
		1DF5F4E00D08C38300B7A737 /* UIKit.framework in Frameworks */ = {isa = PBXBuildFile; fileRef = 1DF5F4DF0D08C38300B7A737 /* UIKit.framework */; };
		288765A50DF7441C002DB57D /* CoreGraphics.framework in Frameworks */ = {isa = PBXBuildFile; fileRef = 288765A40DF7441C002DB57D /* CoreGraphics.framework */; };
		2899E5220DE3E06400AC0155 /* LoginToXMPPViewController.xib in Resources */ = {isa = PBXBuildFile; fileRef = 2899E5210DE3E06400AC0155 /* LoginToXMPPViewController.xib */; };
		28AD733F0D9D9553002E5188 /* MainWindow.xib in Resources */ = {isa = PBXBuildFile; fileRef = 28AD733E0D9D9553002E5188 /* MainWindow.xib */; };
		28D7ACF80DDB3853001CB0EB /* LoginToXMPPViewController.m in Sources */ = {isa = PBXBuildFile; fileRef = 28D7ACF70DDB3853001CB0EB /* LoginToXMPPViewController.m */; };
		350DA56011DDE0D600D50103 /* AsyncSocket.m in Sources */ = {isa = PBXBuildFile; fileRef = 350DA51511DDE0D600D50103 /* AsyncSocket.m */; };
		350DA56111DDE0D600D50103 /* DDXMLDocument.m in Sources */ = {isa = PBXBuildFile; fileRef = 350DA51911DDE0D600D50103 /* DDXMLDocument.m */; };
		350DA56211DDE0D600D50103 /* DDXMLElement.m in Sources */ = {isa = PBXBuildFile; fileRef = 350DA51B11DDE0D600D50103 /* DDXMLElement.m */; };
		350DA56311DDE0D600D50103 /* DDXMLNode.m in Sources */ = {isa = PBXBuildFile; fileRef = 350DA51D11DDE0D600D50103 /* DDXMLNode.m */; };
		350DA56411DDE0D600D50103 /* NSStringAdditions.m in Sources */ = {isa = PBXBuildFile; fileRef = 350DA52011DDE0D600D50103 /* NSStringAdditions.m */; };
		350DA56511DDE0D600D50103 /* LibIDN.m in Sources */ = {isa = PBXBuildFile; fileRef = 350DA52211DDE0D600D50103 /* LibIDN.m */; };
		350DA56611DDE0D600D50103 /* MulticastDelegate.m in Sources */ = {isa = PBXBuildFile; fileRef = 350DA52411DDE0D600D50103 /* MulticastDelegate.m */; };
		350DA56711DDE0D600D50103 /* NSDataAdditions.m in Sources */ = {isa = PBXBuildFile; fileRef = 350DA52611DDE0D600D50103 /* NSDataAdditions.m */; };
		350DA56811DDE0D600D50103 /* NSXMLElementAdditions.m in Sources */ = {isa = PBXBuildFile; fileRef = 350DA52811DDE0D600D50103 /* NSXMLElementAdditions.m */; };
		350DA56911DDE0D600D50103 /* RFSRVResolver.m in Sources */ = {isa = PBXBuildFile; fileRef = 350DA52A11DDE0D600D50103 /* RFSRVResolver.m */; };
		350DA57111DDE0D600D50103 /* XMPPElement.m in Sources */ = {isa = PBXBuildFile; fileRef = 350DA53911DDE0D600D50103 /* XMPPElement.m */; };
		350DA57211DDE0D600D50103 /* XMPPIQ.m in Sources */ = {isa = PBXBuildFile; fileRef = 350DA53B11DDE0D600D50103 /* XMPPIQ.m */; };
		350DA57311DDE0D600D50103 /* XMPPJID.m in Sources */ = {isa = PBXBuildFile; fileRef = 350DA53D11DDE0D600D50103 /* XMPPJID.m */; };
		350DA57411DDE0D600D50103 /* XMPPMessage.m in Sources */ = {isa = PBXBuildFile; fileRef = 350DA53F11DDE0D600D50103 /* XMPPMessage.m */; };
		350DA57511DDE0D600D50103 /* XMPPModule.m in Sources */ = {isa = PBXBuildFile; fileRef = 350DA54111DDE0D600D50103 /* XMPPModule.m */; };
		350DA57611DDE0D600D50103 /* XMPPParser.m in Sources */ = {isa = PBXBuildFile; fileRef = 350DA54311DDE0D600D50103 /* XMPPParser.m */; };
		350DA57811DDE0D600D50103 /* XMPPPresence.m in Sources */ = {isa = PBXBuildFile; fileRef = 350DA54711DDE0D600D50103 /* XMPPPresence.m */; };
		350DA57911DDE0D600D50103 /* XMPPReconnect.m in Sources */ = {isa = PBXBuildFile; fileRef = 350DA54911DDE0D600D50103 /* XMPPReconnect.m */; };
		350DA57A11DDE0D600D50103 /* XMPPResourceCoreDataStorage.m in Sources */ = {isa = PBXBuildFile; fileRef = 350DA54C11DDE0D600D50103 /* XMPPResourceCoreDataStorage.m */; };
		350DA57C11DDE0D600D50103 /* XMPPRoster.m in Sources */ = {isa = PBXBuildFile; fileRef = 350DA55011DDE0D600D50103 /* XMPPRoster.m */; };
		350DA57D11DDE0D600D50103 /* XMPPRoster.xcdatamodel in Sources */ = {isa = PBXBuildFile; fileRef = 350DA55111DDE0D600D50103 /* XMPPRoster.xcdatamodel */; };
		350DA57E11DDE0D600D50103 /* XMPPRosterCoreDataStorage.m in Sources */ = {isa = PBXBuildFile; fileRef = 350DA55311DDE0D600D50103 /* XMPPRosterCoreDataStorage.m */; };
		350DA58011DDE0D600D50103 /* XMPPStream.m in Sources */ = {isa = PBXBuildFile; fileRef = 350DA55811DDE0D600D50103 /* XMPPStream.m */; };
		350DA58111DDE0D600D50103 /* XMPPTransports.m in Sources */ = {isa = PBXBuildFile; fileRef = 350DA55A11DDE0D600D50103 /* XMPPTransports.m */; };
		350DA5AD11DDE1CA00D50103 /* libxml2.dylib in Frameworks */ = {isa = PBXBuildFile; fileRef = 350DA5AC11DDE1CA00D50103 /* libxml2.dylib */; };
		350DA5D011DDE28100D50103 /* XMPPUserCoreDataStorage.m in Sources */ = {isa = PBXBuildFile; fileRef = 350DA5CF11DDE28100D50103 /* XMPPUserCoreDataStorage.m */; };
		350DA5D711DDE2BB00D50103 /* CoreData.framework in Frameworks */ = {isa = PBXBuildFile; fileRef = 350DA5D611DDE2BB00D50103 /* CoreData.framework */; };
		350DA5EA11DDE2D000D50103 /* libresolv.9.dylib in Frameworks */ = {isa = PBXBuildFile; fileRef = 350DA5E911DDE2D000D50103 /* libresolv.9.dylib */; };
		353061AF11D8E1FC00AC872F /* SystemConfiguration.framework in Frameworks */ = {isa = PBXBuildFile; fileRef = 353061AE11D8E1FC00AC872F /* SystemConfiguration.framework */; };
		353061B111D8E21400AC872F /* CFNetwork.framework in Frameworks */ = {isa = PBXBuildFile; fileRef = 353061B011D8E21400AC872F /* CFNetwork.framework */; };
		3543B7FF11D90260003C3238 /* libidn.a in Frameworks */ = {isa = PBXBuildFile; fileRef = 3543B7FE11D90260003C3238 /* libidn.a */; };
/* End PBXBuildFile section */

/* Begin PBXFileReference section */
		1D30AB110D05D00D00671497 /* Foundation.framework */ = {isa = PBXFileReference; lastKnownFileType = wrapper.framework; name = Foundation.framework; path = System/Library/Frameworks/Foundation.framework; sourceTree = SDKROOT; };
		1D3623240D0F684500981E51 /* LoginToXMPPAppDelegate.h */ = {isa = PBXFileReference; fileEncoding = 4; lastKnownFileType = sourcecode.c.h; path = LoginToXMPPAppDelegate.h; sourceTree = "<group>"; };
		1D3623250D0F684500981E51 /* LoginToXMPPAppDelegate.m */ = {isa = PBXFileReference; fileEncoding = 4; lastKnownFileType = sourcecode.c.objc; path = LoginToXMPPAppDelegate.m; sourceTree = "<group>"; };
		1D6058910D05DD3D006BFB54 /* LoginToXMPP.app */ = {isa = PBXFileReference; explicitFileType = wrapper.application; includeInIndex = 0; path = LoginToXMPP.app; sourceTree = BUILT_PRODUCTS_DIR; };
		1DF5F4DF0D08C38300B7A737 /* UIKit.framework */ = {isa = PBXFileReference; lastKnownFileType = wrapper.framework; name = UIKit.framework; path = System/Library/Frameworks/UIKit.framework; sourceTree = SDKROOT; };
		288765A40DF7441C002DB57D /* CoreGraphics.framework */ = {isa = PBXFileReference; lastKnownFileType = wrapper.framework; name = CoreGraphics.framework; path = System/Library/Frameworks/CoreGraphics.framework; sourceTree = SDKROOT; };
		2899E5210DE3E06400AC0155 /* LoginToXMPPViewController.xib */ = {isa = PBXFileReference; lastKnownFileType = file.xib; path = LoginToXMPPViewController.xib; sourceTree = "<group>"; };
		28AD733E0D9D9553002E5188 /* MainWindow.xib */ = {isa = PBXFileReference; lastKnownFileType = file.xib; path = MainWindow.xib; sourceTree = "<group>"; };
		28D7ACF60DDB3853001CB0EB /* LoginToXMPPViewController.h */ = {isa = PBXFileReference; fileEncoding = 4; lastKnownFileType = sourcecode.c.h; path = LoginToXMPPViewController.h; sourceTree = "<group>"; };
		28D7ACF70DDB3853001CB0EB /* LoginToXMPPViewController.m */ = {isa = PBXFileReference; fileEncoding = 4; lastKnownFileType = sourcecode.c.objc; path = LoginToXMPPViewController.m; sourceTree = "<group>"; };
		29B97316FDCFA39411CA2CEA /* main.m */ = {isa = PBXFileReference; fileEncoding = 4; lastKnownFileType = sourcecode.c.objc; path = main.m; sourceTree = "<group>"; };
		32CA4F630368D1EE00C91783 /* LoginToXMPP_Prefix.pch */ = {isa = PBXFileReference; fileEncoding = 4; lastKnownFileType = sourcecode.c.h; path = LoginToXMPP_Prefix.pch; sourceTree = "<group>"; };
		350DA51411DDE0D600D50103 /* AsyncSocket.h */ = {isa = PBXFileReference; fileEncoding = 4; lastKnownFileType = sourcecode.c.h; path = AsyncSocket.h; sourceTree = "<group>"; };
		350DA51511DDE0D600D50103 /* AsyncSocket.m */ = {isa = PBXFileReference; fileEncoding = 4; lastKnownFileType = sourcecode.c.objc; path = AsyncSocket.m; sourceTree = "<group>"; };
		350DA51711DDE0D600D50103 /* DDXML.h */ = {isa = PBXFileReference; fileEncoding = 4; lastKnownFileType = sourcecode.c.h; path = DDXML.h; sourceTree = "<group>"; };
		350DA51811DDE0D600D50103 /* DDXMLDocument.h */ = {isa = PBXFileReference; fileEncoding = 4; lastKnownFileType = sourcecode.c.h; path = DDXMLDocument.h; sourceTree = "<group>"; };
		350DA51911DDE0D600D50103 /* DDXMLDocument.m */ = {isa = PBXFileReference; fileEncoding = 4; lastKnownFileType = sourcecode.c.objc; path = DDXMLDocument.m; sourceTree = "<group>"; };
		350DA51A11DDE0D600D50103 /* DDXMLElement.h */ = {isa = PBXFileReference; fileEncoding = 4; lastKnownFileType = sourcecode.c.h; path = DDXMLElement.h; sourceTree = "<group>"; };
		350DA51B11DDE0D600D50103 /* DDXMLElement.m */ = {isa = PBXFileReference; fileEncoding = 4; lastKnownFileType = sourcecode.c.objc; path = DDXMLElement.m; sourceTree = "<group>"; };
		350DA51C11DDE0D600D50103 /* DDXMLNode.h */ = {isa = PBXFileReference; fileEncoding = 4; lastKnownFileType = sourcecode.c.h; path = DDXMLNode.h; sourceTree = "<group>"; };
		350DA51D11DDE0D600D50103 /* DDXMLNode.m */ = {isa = PBXFileReference; fileEncoding = 4; lastKnownFileType = sourcecode.c.objc; path = DDXMLNode.m; sourceTree = "<group>"; };
		350DA51E11DDE0D600D50103 /* DDXMLPrivate.h */ = {isa = PBXFileReference; fileEncoding = 4; lastKnownFileType = sourcecode.c.h; path = DDXMLPrivate.h; sourceTree = "<group>"; };
		350DA51F11DDE0D600D50103 /* NSStringAdditions.h */ = {isa = PBXFileReference; fileEncoding = 4; lastKnownFileType = sourcecode.c.h; path = NSStringAdditions.h; sourceTree = "<group>"; };
		350DA52011DDE0D600D50103 /* NSStringAdditions.m */ = {isa = PBXFileReference; fileEncoding = 4; lastKnownFileType = sourcecode.c.objc; path = NSStringAdditions.m; sourceTree = "<group>"; };
		350DA52111DDE0D600D50103 /* LibIDN.h */ = {isa = PBXFileReference; fileEncoding = 4; lastKnownFileType = sourcecode.c.h; path = LibIDN.h; sourceTree = "<group>"; };
		350DA52211DDE0D600D50103 /* LibIDN.m */ = {isa = PBXFileReference; fileEncoding = 4; lastKnownFileType = sourcecode.c.objc; path = LibIDN.m; sourceTree = "<group>"; };
		350DA52311DDE0D600D50103 /* MulticastDelegate.h */ = {isa = PBXFileReference; fileEncoding = 4; lastKnownFileType = sourcecode.c.h; path = MulticastDelegate.h; sourceTree = "<group>"; };
		350DA52411DDE0D600D50103 /* MulticastDelegate.m */ = {isa = PBXFileReference; fileEncoding = 4; lastKnownFileType = sourcecode.c.objc; path = MulticastDelegate.m; sourceTree = "<group>"; };
		350DA52511DDE0D600D50103 /* NSDataAdditions.h */ = {isa = PBXFileReference; fileEncoding = 4; lastKnownFileType = sourcecode.c.h; path = NSDataAdditions.h; sourceTree = "<group>"; };
		350DA52611DDE0D600D50103 /* NSDataAdditions.m */ = {isa = PBXFileReference; fileEncoding = 4; lastKnownFileType = sourcecode.c.objc; path = NSDataAdditions.m; sourceTree = "<group>"; };
		350DA52711DDE0D600D50103 /* NSXMLElementAdditions.h */ = {isa = PBXFileReference; fileEncoding = 4; lastKnownFileType = sourcecode.c.h; path = NSXMLElementAdditions.h; sourceTree = "<group>"; };
		350DA52811DDE0D600D50103 /* NSXMLElementAdditions.m */ = {isa = PBXFileReference; fileEncoding = 4; lastKnownFileType = sourcecode.c.objc; path = NSXMLElementAdditions.m; sourceTree = "<group>"; };
		350DA52911DDE0D600D50103 /* RFSRVResolver.h */ = {isa = PBXFileReference; fileEncoding = 4; lastKnownFileType = sourcecode.c.h; path = RFSRVResolver.h; sourceTree = "<group>"; };
		350DA52A11DDE0D600D50103 /* RFSRVResolver.m */ = {isa = PBXFileReference; fileEncoding = 4; lastKnownFileType = sourcecode.c.objc; path = RFSRVResolver.m; sourceTree = "<group>"; };
		350DA52E11DDE0D600D50103 /* XMPP.h */ = {isa = PBXFileReference; fileEncoding = 4; lastKnownFileType = sourcecode.c.h; path = XMPP.h; sourceTree = "<group>"; };
		350DA53811DDE0D600D50103 /* XMPPElement.h */ = {isa = PBXFileReference; fileEncoding = 4; lastKnownFileType = sourcecode.c.h; path = XMPPElement.h; sourceTree = "<group>"; };
		350DA53911DDE0D600D50103 /* XMPPElement.m */ = {isa = PBXFileReference; fileEncoding = 4; lastKnownFileType = sourcecode.c.objc; path = XMPPElement.m; sourceTree = "<group>"; };
		350DA53A11DDE0D600D50103 /* XMPPIQ.h */ = {isa = PBXFileReference; fileEncoding = 4; lastKnownFileType = sourcecode.c.h; path = XMPPIQ.h; sourceTree = "<group>"; };
		350DA53B11DDE0D600D50103 /* XMPPIQ.m */ = {isa = PBXFileReference; fileEncoding = 4; lastKnownFileType = sourcecode.c.objc; path = XMPPIQ.m; sourceTree = "<group>"; };
		350DA53C11DDE0D600D50103 /* XMPPJID.h */ = {isa = PBXFileReference; fileEncoding = 4; lastKnownFileType = sourcecode.c.h; path = XMPPJID.h; sourceTree = "<group>"; };
		350DA53D11DDE0D600D50103 /* XMPPJID.m */ = {isa = PBXFileReference; fileEncoding = 4; lastKnownFileType = sourcecode.c.objc; path = XMPPJID.m; sourceTree = "<group>"; };
		350DA53E11DDE0D600D50103 /* XMPPMessage.h */ = {isa = PBXFileReference; fileEncoding = 4; lastKnownFileType = sourcecode.c.h; path = XMPPMessage.h; sourceTree = "<group>"; };
		350DA53F11DDE0D600D50103 /* XMPPMessage.m */ = {isa = PBXFileReference; fileEncoding = 4; lastKnownFileType = sourcecode.c.objc; path = XMPPMessage.m; sourceTree = "<group>"; };
		350DA54011DDE0D600D50103 /* XMPPModule.h */ = {isa = PBXFileReference; fileEncoding = 4; lastKnownFileType = sourcecode.c.h; path = XMPPModule.h; sourceTree = "<group>"; };
		350DA54111DDE0D600D50103 /* XMPPModule.m */ = {isa = PBXFileReference; fileEncoding = 4; lastKnownFileType = sourcecode.c.objc; path = XMPPModule.m; sourceTree = "<group>"; };
		350DA54211DDE0D600D50103 /* XMPPParser.h */ = {isa = PBXFileReference; fileEncoding = 4; lastKnownFileType = sourcecode.c.h; path = XMPPParser.h; sourceTree = "<group>"; };
		350DA54311DDE0D600D50103 /* XMPPParser.m */ = {isa = PBXFileReference; fileEncoding = 4; lastKnownFileType = sourcecode.c.objc; path = XMPPParser.m; sourceTree = "<group>"; };
		350DA54611DDE0D600D50103 /* XMPPPresence.h */ = {isa = PBXFileReference; fileEncoding = 4; lastKnownFileType = sourcecode.c.h; path = XMPPPresence.h; sourceTree = "<group>"; };
		350DA54711DDE0D600D50103 /* XMPPPresence.m */ = {isa = PBXFileReference; fileEncoding = 4; lastKnownFileType = sourcecode.c.objc; path = XMPPPresence.m; sourceTree = "<group>"; };
		350DA54811DDE0D600D50103 /* XMPPReconnect.h */ = {isa = PBXFileReference; fileEncoding = 4; lastKnownFileType = sourcecode.c.h; path = XMPPReconnect.h; sourceTree = "<group>"; };
		350DA54911DDE0D600D50103 /* XMPPReconnect.m */ = {isa = PBXFileReference; fileEncoding = 4; lastKnownFileType = sourcecode.c.objc; path = XMPPReconnect.m; sourceTree = "<group>"; };
		350DA54A11DDE0D600D50103 /* XMPPResource.h */ = {isa = PBXFileReference; fileEncoding = 4; lastKnownFileType = sourcecode.c.h; path = XMPPResource.h; sourceTree = "<group>"; };
		350DA54B11DDE0D600D50103 /* XMPPResourceCoreDataStorage.h */ = {isa = PBXFileReference; fileEncoding = 4; lastKnownFileType = sourcecode.c.h; path = XMPPResourceCoreDataStorage.h; sourceTree = "<group>"; };
		350DA54C11DDE0D600D50103 /* XMPPResourceCoreDataStorage.m */ = {isa = PBXFileReference; fileEncoding = 4; lastKnownFileType = sourcecode.c.objc; path = XMPPResourceCoreDataStorage.m; sourceTree = "<group>"; };
		350DA54F11DDE0D600D50103 /* XMPPRoster.h */ = {isa = PBXFileReference; fileEncoding = 4; lastKnownFileType = sourcecode.c.h; path = XMPPRoster.h; sourceTree = "<group>"; };
		350DA55011DDE0D600D50103 /* XMPPRoster.m */ = {isa = PBXFileReference; fileEncoding = 4; lastKnownFileType = sourcecode.c.objc; path = XMPPRoster.m; sourceTree = "<group>"; };
		350DA55111DDE0D600D50103 /* XMPPRoster.xcdatamodel */ = {isa = PBXFileReference; fileEncoding = 4; lastKnownFileType = wrapper.xcdatamodel; path = XMPPRoster.xcdatamodel; sourceTree = "<group>"; };
		350DA55211DDE0D600D50103 /* XMPPRosterCoreDataStorage.h */ = {isa = PBXFileReference; fileEncoding = 4; lastKnownFileType = sourcecode.c.h; path = XMPPRosterCoreDataStorage.h; sourceTree = "<group>"; };
		350DA55311DDE0D600D50103 /* XMPPRosterCoreDataStorage.m */ = {isa = PBXFileReference; fileEncoding = 4; lastKnownFileType = sourcecode.c.objc; path = XMPPRosterCoreDataStorage.m; sourceTree = "<group>"; };
		350DA55611DDE0D600D50103 /* XMPPRosterPrivate.h */ = {isa = PBXFileReference; fileEncoding = 4; lastKnownFileType = sourcecode.c.h; path = XMPPRosterPrivate.h; sourceTree = "<group>"; };
		350DA55711DDE0D600D50103 /* XMPPStream.h */ = {isa = PBXFileReference; fileEncoding = 4; lastKnownFileType = sourcecode.c.h; path = XMPPStream.h; sourceTree = "<group>"; };
		350DA55811DDE0D600D50103 /* XMPPStream.m */ = {isa = PBXFileReference; fileEncoding = 4; lastKnownFileType = sourcecode.c.objc; path = XMPPStream.m; sourceTree = "<group>"; };
		350DA55911DDE0D600D50103 /* XMPPTransports.h */ = {isa = PBXFileReference; fileEncoding = 4; lastKnownFileType = sourcecode.c.h; path = XMPPTransports.h; sourceTree = "<group>"; };
		350DA55A11DDE0D600D50103 /* XMPPTransports.m */ = {isa = PBXFileReference; fileEncoding = 4; lastKnownFileType = sourcecode.c.objc; path = XMPPTransports.m; sourceTree = "<group>"; };
		350DA5AC11DDE1CA00D50103 /* libxml2.dylib */ = {isa = PBXFileReference; lastKnownFileType = "compiled.mach-o.dylib"; name = libxml2.dylib; path = usr/lib/libxml2.dylib; sourceTree = SDKROOT; };
		350DA5CD11DDE28100D50103 /* XMPPUser.h */ = {isa = PBXFileReference; fileEncoding = 4; lastKnownFileType = sourcecode.c.h; path = XMPPUser.h; sourceTree = "<group>"; };
		350DA5CE11DDE28100D50103 /* XMPPUserCoreDataStorage.h */ = {isa = PBXFileReference; fileEncoding = 4; lastKnownFileType = sourcecode.c.h; path = XMPPUserCoreDataStorage.h; sourceTree = "<group>"; };
		350DA5CF11DDE28100D50103 /* XMPPUserCoreDataStorage.m */ = {isa = PBXFileReference; fileEncoding = 4; lastKnownFileType = sourcecode.c.objc; path = XMPPUserCoreDataStorage.m; sourceTree = "<group>"; };
		350DA5D611DDE2BB00D50103 /* CoreData.framework */ = {isa = PBXFileReference; lastKnownFileType = wrapper.framework; name = CoreData.framework; path = System/Library/Frameworks/CoreData.framework; sourceTree = SDKROOT; };
		350DA5E911DDE2D000D50103 /* libresolv.9.dylib */ = {isa = PBXFileReference; lastKnownFileType = "compiled.mach-o.dylib"; name = libresolv.9.dylib; path = usr/lib/libresolv.9.dylib; sourceTree = SDKROOT; };
		353061AE11D8E1FC00AC872F /* SystemConfiguration.framework */ = {isa = PBXFileReference; lastKnownFileType = wrapper.framework; name = SystemConfiguration.framework; path = System/Library/Frameworks/SystemConfiguration.framework; sourceTree = SDKROOT; };
		353061B011D8E21400AC872F /* CFNetwork.framework */ = {isa = PBXFileReference; lastKnownFileType = wrapper.framework; name = CFNetwork.framework; path = System/Library/Frameworks/CFNetwork.framework; sourceTree = SDKROOT; };
		3543B7FE11D90260003C3238 /* libidn.a */ = {isa = PBXFileReference; lastKnownFileType = archive.ar; name = libidn.a; path = ../lib/libidn.a; sourceTree = SOURCE_ROOT; };
		8D1107310486CEB800E47090 /* LoginToXMPP-Info.plist */ = {isa = PBXFileReference; fileEncoding = 4; lastKnownFileType = text.plist.xml; path = "LoginToXMPP-Info.plist"; plistStructureDefinitionIdentifier = "com.apple.xcode.plist.structure-definition.iphone.info-plist"; sourceTree = "<group>"; };
/* End PBXFileReference section */

/* Begin PBXFrameworksBuildPhase section */
		1D60588F0D05DD3D006BFB54 /* Frameworks */ = {
			isa = PBXFrameworksBuildPhase;
			buildActionMask = 2147483647;
			files = (
				1D60589F0D05DD5A006BFB54 /* Foundation.framework in Frameworks */,
				1DF5F4E00D08C38300B7A737 /* UIKit.framework in Frameworks */,
				288765A50DF7441C002DB57D /* CoreGraphics.framework in Frameworks */,
				353061AF11D8E1FC00AC872F /* SystemConfiguration.framework in Frameworks */,
				353061B111D8E21400AC872F /* CFNetwork.framework in Frameworks */,
				3543B7FF11D90260003C3238 /* libidn.a in Frameworks */,
				350DA5AD11DDE1CA00D50103 /* libxml2.dylib in Frameworks */,
				350DA5D711DDE2BB00D50103 /* CoreData.framework in Frameworks */,
				350DA5EA11DDE2D000D50103 /* libresolv.9.dylib in Frameworks */,
			);
			runOnlyForDeploymentPostprocessing = 0;
		};
/* End PBXFrameworksBuildPhase section */

/* Begin PBXGroup section */
		080E96DDFE201D6D7F000001 /* Classes */ = {
			isa = PBXGroup;
			children = (
				350DA51311DDE0D600D50103 /* XMPPCore */,
				1D3623240D0F684500981E51 /* LoginToXMPPAppDelegate.h */,
				1D3623250D0F684500981E51 /* LoginToXMPPAppDelegate.m */,
				28D7ACF60DDB3853001CB0EB /* LoginToXMPPViewController.h */,
				28D7ACF70DDB3853001CB0EB /* LoginToXMPPViewController.m */,
			);
			path = Classes;
			sourceTree = "<group>";
		};
		19C28FACFE9D520D11CA2CBB /* Products */ = {
			isa = PBXGroup;
			children = (
				1D6058910D05DD3D006BFB54 /* LoginToXMPP.app */,
			);
			name = Products;
			sourceTree = "<group>";
		};
		29B97314FDCFA39411CA2CEA /* CustomTemplate */ = {
			isa = PBXGroup;
			children = (
				080E96DDFE201D6D7F000001 /* Classes */,
				29B97315FDCFA39411CA2CEA /* Other Sources */,
				29B97317FDCFA39411CA2CEA /* Resources */,
				29B97323FDCFA39411CA2CEA /* Frameworks */,
				19C28FACFE9D520D11CA2CBB /* Products */,
			);
			name = CustomTemplate;
			sourceTree = "<group>";
		};
		29B97315FDCFA39411CA2CEA /* Other Sources */ = {
			isa = PBXGroup;
			children = (
				32CA4F630368D1EE00C91783 /* LoginToXMPP_Prefix.pch */,
				29B97316FDCFA39411CA2CEA /* main.m */,
			);
			name = "Other Sources";
			sourceTree = "<group>";
		};
		29B97317FDCFA39411CA2CEA /* Resources */ = {
			isa = PBXGroup;
			children = (
				2899E5210DE3E06400AC0155 /* LoginToXMPPViewController.xib */,
				28AD733E0D9D9553002E5188 /* MainWindow.xib */,
				8D1107310486CEB800E47090 /* LoginToXMPP-Info.plist */,
			);
			name = Resources;
			sourceTree = "<group>";
		};
		29B97323FDCFA39411CA2CEA /* Frameworks */ = {
			isa = PBXGroup;
			children = (
				3543B7FE11D90260003C3238 /* libidn.a */,
				1DF5F4DF0D08C38300B7A737 /* UIKit.framework */,
				1D30AB110D05D00D00671497 /* Foundation.framework */,
				288765A40DF7441C002DB57D /* CoreGraphics.framework */,
				353061AE11D8E1FC00AC872F /* SystemConfiguration.framework */,
				353061B011D8E21400AC872F /* CFNetwork.framework */,
				350DA5AC11DDE1CA00D50103 /* libxml2.dylib */,
				350DA5D611DDE2BB00D50103 /* CoreData.framework */,
				350DA5E911DDE2D000D50103 /* libresolv.9.dylib */,
			);
			name = Frameworks;
			sourceTree = "<group>";
		};
		350DA51311DDE0D600D50103 /* XMPPCore */ = {
			isa = PBXGroup;
			children = (
				350DA51411DDE0D600D50103 /* AsyncSocket.h */,
				350DA51511DDE0D600D50103 /* AsyncSocket.m */,
				350DA51611DDE0D600D50103 /* KissXML */,
				350DA52111DDE0D600D50103 /* LibIDN.h */,
				350DA52211DDE0D600D50103 /* LibIDN.m */,
				350DA52311DDE0D600D50103 /* MulticastDelegate.h */,
				350DA52411DDE0D600D50103 /* MulticastDelegate.m */,
				350DA52511DDE0D600D50103 /* NSDataAdditions.h */,
				350DA52611DDE0D600D50103 /* NSDataAdditions.m */,
				350DA52711DDE0D600D50103 /* NSXMLElementAdditions.h */,
				350DA52811DDE0D600D50103 /* NSXMLElementAdditions.m */,
				350DA52911DDE0D600D50103 /* RFSRVResolver.h */,
				350DA52A11DDE0D600D50103 /* RFSRVResolver.m */,
				350DA52E11DDE0D600D50103 /* XMPP.h */,
				350DA53811DDE0D600D50103 /* XMPPElement.h */,
				350DA53911DDE0D600D50103 /* XMPPElement.m */,
				350DA53A11DDE0D600D50103 /* XMPPIQ.h */,
				350DA53B11DDE0D600D50103 /* XMPPIQ.m */,
				350DA53C11DDE0D600D50103 /* XMPPJID.h */,
				350DA53D11DDE0D600D50103 /* XMPPJID.m */,
				350DA53E11DDE0D600D50103 /* XMPPMessage.h */,
				350DA53F11DDE0D600D50103 /* XMPPMessage.m */,
				350DA54011DDE0D600D50103 /* XMPPModule.h */,
				350DA54111DDE0D600D50103 /* XMPPModule.m */,
				350DA54211DDE0D600D50103 /* XMPPParser.h */,
				350DA54311DDE0D600D50103 /* XMPPParser.m */,
				350DA54611DDE0D600D50103 /* XMPPPresence.h */,
				350DA54711DDE0D600D50103 /* XMPPPresence.m */,
				350DA54811DDE0D600D50103 /* XMPPReconnect.h */,
				350DA54911DDE0D600D50103 /* XMPPReconnect.m */,
				350DA54A11DDE0D600D50103 /* XMPPResource.h */,
				350DA54B11DDE0D600D50103 /* XMPPResourceCoreDataStorage.h */,
				350DA54C11DDE0D600D50103 /* XMPPResourceCoreDataStorage.m */,
				350DA54F11DDE0D600D50103 /* XMPPRoster.h */,
				350DA55011DDE0D600D50103 /* XMPPRoster.m */,
				350DA55111DDE0D600D50103 /* XMPPRoster.xcdatamodel */,
				350DA55211DDE0D600D50103 /* XMPPRosterCoreDataStorage.h */,
				350DA55311DDE0D600D50103 /* XMPPRosterCoreDataStorage.m */,
				350DA55611DDE0D600D50103 /* XMPPRosterPrivate.h */,
				350DA55711DDE0D600D50103 /* XMPPStream.h */,
				350DA55811DDE0D600D50103 /* XMPPStream.m */,
				350DA55911DDE0D600D50103 /* XMPPTransports.h */,
				350DA55A11DDE0D600D50103 /* XMPPTransports.m */,
				350DA5CD11DDE28100D50103 /* XMPPUser.h */,
				350DA5CE11DDE28100D50103 /* XMPPUserCoreDataStorage.h */,
				350DA5CF11DDE28100D50103 /* XMPPUserCoreDataStorage.m */,
			);
			path = XMPPCore;
			sourceTree = "<group>";
		};
		350DA51611DDE0D600D50103 /* KissXML */ = {
			isa = PBXGroup;
			children = (
				350DA51711DDE0D600D50103 /* DDXML.h */,
				350DA51811DDE0D600D50103 /* DDXMLDocument.h */,
				350DA51911DDE0D600D50103 /* DDXMLDocument.m */,
				350DA51A11DDE0D600D50103 /* DDXMLElement.h */,
				350DA51B11DDE0D600D50103 /* DDXMLElement.m */,
				350DA51C11DDE0D600D50103 /* DDXMLNode.h */,
				350DA51D11DDE0D600D50103 /* DDXMLNode.m */,
				350DA51E11DDE0D600D50103 /* DDXMLPrivate.h */,
				350DA51F11DDE0D600D50103 /* NSStringAdditions.h */,
				350DA52011DDE0D600D50103 /* NSStringAdditions.m */,
			);
			path = KissXML;
			sourceTree = "<group>";
		};
/* End PBXGroup section */

/* Begin PBXNativeTarget section */
		1D6058900D05DD3D006BFB54 /* LoginToXMPP */ = {
			isa = PBXNativeTarget;
			buildConfigurationList = 1D6058960D05DD3E006BFB54 /* Build configuration list for PBXNativeTarget "LoginToXMPP" */;
			buildPhases = (
				1D60588D0D05DD3D006BFB54 /* Resources */,
				1D60588E0D05DD3D006BFB54 /* Sources */,
				1D60588F0D05DD3D006BFB54 /* Frameworks */,
			);
			buildRules = (
			);
			dependencies = (
			);
			name = LoginToXMPP;
			productName = LoginToXMPP;
			productReference = 1D6058910D05DD3D006BFB54 /* LoginToXMPP.app */;
			productType = "com.apple.product-type.application";
		};
/* End PBXNativeTarget section */

/* Begin PBXProject section */
		29B97313FDCFA39411CA2CEA /* Project object */ = {
			isa = PBXProject;
			buildConfigurationList = C01FCF4E08A954540054247B /* Build configuration list for PBXProject "LoginToXMPP" */;
			compatibilityVersion = "Xcode 3.2";
			hasScannedForEncodings = 1;
			mainGroup = 29B97314FDCFA39411CA2CEA /* CustomTemplate */;
			projectDirPath = "";
			projectRoot = "";
			targets = (
				1D6058900D05DD3D006BFB54 /* LoginToXMPP */,
			);
		};
/* End PBXProject section */

/* Begin PBXResourcesBuildPhase section */
		1D60588D0D05DD3D006BFB54 /* Resources */ = {
			isa = PBXResourcesBuildPhase;
			buildActionMask = 2147483647;
			files = (
				28AD733F0D9D9553002E5188 /* MainWindow.xib in Resources */,
				2899E5220DE3E06400AC0155 /* LoginToXMPPViewController.xib in Resources */,
			);
			runOnlyForDeploymentPostprocessing = 0;
		};
/* End PBXResourcesBuildPhase section */

/* Begin PBXSourcesBuildPhase section */
		1D60588E0D05DD3D006BFB54 /* Sources */ = {
			isa = PBXSourcesBuildPhase;
			buildActionMask = 2147483647;
			files = (
				1D60589B0D05DD56006BFB54 /* main.m in Sources */,
				1D3623260D0F684500981E51 /* LoginToXMPPAppDelegate.m in Sources */,
				28D7ACF80DDB3853001CB0EB /* LoginToXMPPViewController.m in Sources */,
				350DA56011DDE0D600D50103 /* AsyncSocket.m in Sources */,
				350DA56111DDE0D600D50103 /* DDXMLDocument.m in Sources */,
				350DA56211DDE0D600D50103 /* DDXMLElement.m in Sources */,
				350DA56311DDE0D600D50103 /* DDXMLNode.m in Sources */,
				350DA56411DDE0D600D50103 /* NSStringAdditions.m in Sources */,
				350DA56511DDE0D600D50103 /* LibIDN.m in Sources */,
				350DA56611DDE0D600D50103 /* MulticastDelegate.m in Sources */,
				350DA56711DDE0D600D50103 /* NSDataAdditions.m in Sources */,
				350DA56811DDE0D600D50103 /* NSXMLElementAdditions.m in Sources */,
				350DA56911DDE0D600D50103 /* RFSRVResolver.m in Sources */,
				350DA57111DDE0D600D50103 /* XMPPElement.m in Sources */,
				350DA57211DDE0D600D50103 /* XMPPIQ.m in Sources */,
				350DA57311DDE0D600D50103 /* XMPPJID.m in Sources */,
				350DA57411DDE0D600D50103 /* XMPPMessage.m in Sources */,
				350DA57511DDE0D600D50103 /* XMPPModule.m in Sources */,
				350DA57611DDE0D600D50103 /* XMPPParser.m in Sources */,
				350DA57811DDE0D600D50103 /* XMPPPresence.m in Sources */,
				350DA57911DDE0D600D50103 /* XMPPReconnect.m in Sources */,
				350DA57A11DDE0D600D50103 /* XMPPResourceCoreDataStorage.m in Sources */,
				350DA57C11DDE0D600D50103 /* XMPPRoster.m in Sources */,
				350DA57D11DDE0D600D50103 /* XMPPRoster.xcdatamodel in Sources */,
				350DA57E11DDE0D600D50103 /* XMPPRosterCoreDataStorage.m in Sources */,
				350DA58011DDE0D600D50103 /* XMPPStream.m in Sources */,
				350DA58111DDE0D600D50103 /* XMPPTransports.m in Sources */,
				350DA5D011DDE28100D50103 /* XMPPUserCoreDataStorage.m in Sources */,
			);
			runOnlyForDeploymentPostprocessing = 0;
		};
/* End PBXSourcesBuildPhase section */

/* Begin XCBuildConfiguration section */
		1D6058940D05DD3E006BFB54 /* Debug */ = {
			isa = XCBuildConfiguration;
			buildSettings = {
				ALWAYS_SEARCH_USER_PATHS = NO;
				COPY_PHASE_STRIP = NO;
				GCC_DYNAMIC_NO_PIC = NO;
				GCC_OPTIMIZATION_LEVEL = 0;
				GCC_PRECOMPILE_PREFIX_HEADER = YES;
				GCC_PREFIX_HEADER = LoginToXMPP_Prefix.pch;
				INFOPLIST_FILE = "LoginToXMPP-Info.plist";
				LIBRARY_SEARCH_PATHS = (
					"$(inherited)",
					"\"$(SRCROOT)/../lib\"",
				);
				PRODUCT_NAME = LoginToXMPP;
			};
			name = Debug;
		};
		1D6058950D05DD3E006BFB54 /* Release */ = {
			isa = XCBuildConfiguration;
			buildSettings = {
				ALWAYS_SEARCH_USER_PATHS = NO;
				COPY_PHASE_STRIP = YES;
				GCC_PRECOMPILE_PREFIX_HEADER = YES;
				GCC_PREFIX_HEADER = LoginToXMPP_Prefix.pch;
				INFOPLIST_FILE = "LoginToXMPP-Info.plist";
				LIBRARY_SEARCH_PATHS = (
					"$(inherited)",
					"\"$(SRCROOT)/../lib\"",
				);
				PRODUCT_NAME = LoginToXMPP;
				VALIDATE_PRODUCT = YES;
			};
			name = Release;
		};
		C01FCF4F08A954540054247B /* Debug */ = {
			isa = XCBuildConfiguration;
			buildSettings = {
				ARCHS = "$(ARCHS_STANDARD_32_BIT)";
				"CODE_SIGN_IDENTITY[sdk=iphoneos*]" = "iPhone Developer";
				GCC_C_LANGUAGE_STANDARD = c99;
				GCC_WARN_ABOUT_RETURN_TYPE = YES;
				GCC_WARN_UNUSED_VARIABLE = YES;
				HEADER_SEARCH_PATHS = (
					../include/,
					../include/libidn,
					/usr/include/libxml2,
					./xmppcore,
				);
				OTHER_LDFLAGS = "-lxml2";
				PREBINDING = NO;
				SDKROOT = iphoneos4.0;
			};
			name = Debug;
		};
		C01FCF5008A954540054247B /* Release */ = {
			isa = XCBuildConfiguration;
			buildSettings = {
				ARCHS = "$(ARCHS_STANDARD_32_BIT)";
				"CODE_SIGN_IDENTITY[sdk=iphoneos*]" = "iPhone Developer";
				GCC_C_LANGUAGE_STANDARD = c99;
				GCC_WARN_ABOUT_RETURN_TYPE = YES;
				GCC_WARN_UNUSED_VARIABLE = YES;
				OTHER_CFLAGS = "-DNS_BLOCK_ASSERTIONS=1";
				PREBINDING = NO;
				SDKROOT = iphoneos4.0;
			};
			name = Release;
		};
/* End XCBuildConfiguration section */

/* Begin XCConfigurationList section */
		1D6058960D05DD3E006BFB54 /* Build configuration list for PBXNativeTarget "LoginToXMPP" */ = {
			isa = XCConfigurationList;
			buildConfigurations = (
				1D6058940D05DD3E006BFB54 /* Debug */,
				1D6058950D05DD3E006BFB54 /* Release */,
			);
			defaultConfigurationIsVisible = 0;
			defaultConfigurationName = Release;
		};
		C01FCF4E08A954540054247B /* Build configuration list for PBXProject "LoginToXMPP" */ = {
			isa = XCConfigurationList;
			buildConfigurations = (
				C01FCF4F08A954540054247B /* Debug */,
				C01FCF5008A954540054247B /* Release */,
			);
			defaultConfigurationIsVisible = 0;
			defaultConfigurationName = Release;
		};
/* End XCConfigurationList section */
	};
	rootObject = 29B97313FDCFA39411CA2CEA /* Project object */;
}
