// !$*UTF8*$!
{
	archiveVersion = 1;
	classes = {
	};
	objectVersion = 45;
	objects = {

/* Begin PBXBuildFile section */
		1D3623260D0F684500981E51 /* NASRequestAppDelegate.m in Sources */ = {isa = PBXBuildFile; fileRef = 1D3623250D0F684500981E51 /* NASRequestAppDelegate.m */; };
		1D60589B0D05DD56006BFB54 /* main.m in Sources */ = {isa = PBXBuildFile; fileRef = 29B97316FDCFA39411CA2CEA /* main.m */; };
		1D60589F0D05DD5A006BFB54 /* Foundation.framework in Frameworks */ = {isa = PBXBuildFile; fileRef = 1D30AB110D05D00D00671497 /* Foundation.framework */; };
		1DF5F4E00D08C38300B7A737 /* UIKit.framework in Frameworks */ = {isa = PBXBuildFile; fileRef = 1DF5F4DF0D08C38300B7A737 /* UIKit.framework */; };
		288765A50DF7441C002DB57D /* CoreGraphics.framework in Frameworks */ = {isa = PBXBuildFile; fileRef = 288765A40DF7441C002DB57D /* CoreGraphics.framework */; };
		2899E5220DE3E06400AC0155 /* NASRequestViewController.xib in Resources */ = {isa = PBXBuildFile; fileRef = 2899E5210DE3E06400AC0155 /* NASRequestViewController.xib */; };
		28AD733F0D9D9553002E5188 /* MainWindow.xib in Resources */ = {isa = PBXBuildFile; fileRef = 28AD733E0D9D9553002E5188 /* MainWindow.xib */; };
		28D7ACF80DDB3853001CB0EB /* NASRequestViewController.m in Sources */ = {isa = PBXBuildFile; fileRef = 28D7ACF70DDB3853001CB0EB /* NASRequestViewController.m */; };
		358C781111D9AAAE00D5C700 /* NASDataRequest.mm in Sources */ = {isa = PBXBuildFile; fileRef = 358C780E11D9AAAE00D5C700 /* NASDataRequest.mm */; };
		358C781211D9AAAE00D5C700 /* NASServerTest.m in Sources */ = {isa = PBXBuildFile; fileRef = 358C781011D9AAAE00D5C700 /* NASServerTest.m */; };
		358C782B11D9AB3500D5C700 /* libcrypto.a in Frameworks */ = {isa = PBXBuildFile; fileRef = 358C782A11D9AB3500D5C700 /* libcrypto.a */; };
		358C782D11D9AB3500D5C700 /* libssl.a in Frameworks */ = {isa = PBXBuildFile; fileRef = 358C782C11D9AB3500D5C700 /* libssl.a */; };
		358C791311D9AD7800D5C700 /* NSObject+SBJSON.m in Sources */ = {isa = PBXBuildFile; fileRef = 358C790811D9AD7800D5C700 /* NSObject+SBJSON.m */; };
		358C791411D9AD7800D5C700 /* NSString+SBJSON.m in Sources */ = {isa = PBXBuildFile; fileRef = 358C790A11D9AD7800D5C700 /* NSString+SBJSON.m */; };
		358C791511D9AD7800D5C700 /* SBJSON.m in Sources */ = {isa = PBXBuildFile; fileRef = 358C790C11D9AD7800D5C700 /* SBJSON.m */; };
		358C791611D9AD7800D5C700 /* SBJsonBase.m in Sources */ = {isa = PBXBuildFile; fileRef = 358C790E11D9AD7800D5C700 /* SBJsonBase.m */; };
		358C791711D9AD7800D5C700 /* SBJsonParser.m in Sources */ = {isa = PBXBuildFile; fileRef = 358C791011D9AD7800D5C700 /* SBJsonParser.m */; };
		358C791811D9AD7800D5C700 /* SBJsonWriter.m in Sources */ = {isa = PBXBuildFile; fileRef = 358C791211D9AD7800D5C700 /* SBJsonWriter.m */; };
/* End PBXBuildFile section */

/* Begin PBXFileReference section */
		1D30AB110D05D00D00671497 /* Foundation.framework */ = {isa = PBXFileReference; lastKnownFileType = wrapper.framework; name = Foundation.framework; path = System/Library/Frameworks/Foundation.framework; sourceTree = SDKROOT; };
		1D3623240D0F684500981E51 /* NASRequestAppDelegate.h */ = {isa = PBXFileReference; fileEncoding = 4; lastKnownFileType = sourcecode.c.h; path = NASRequestAppDelegate.h; sourceTree = "<group>"; };
		1D3623250D0F684500981E51 /* NASRequestAppDelegate.m */ = {isa = PBXFileReference; fileEncoding = 4; lastKnownFileType = sourcecode.c.objc; path = NASRequestAppDelegate.m; sourceTree = "<group>"; };
		1D6058910D05DD3D006BFB54 /* NASRequest.app */ = {isa = PBXFileReference; explicitFileType = wrapper.application; includeInIndex = 0; path = NASRequest.app; sourceTree = BUILT_PRODUCTS_DIR; };
		1DF5F4DF0D08C38300B7A737 /* UIKit.framework */ = {isa = PBXFileReference; lastKnownFileType = wrapper.framework; name = UIKit.framework; path = System/Library/Frameworks/UIKit.framework; sourceTree = SDKROOT; };
		288765A40DF7441C002DB57D /* CoreGraphics.framework */ = {isa = PBXFileReference; lastKnownFileType = wrapper.framework; name = CoreGraphics.framework; path = System/Library/Frameworks/CoreGraphics.framework; sourceTree = SDKROOT; };
		2899E5210DE3E06400AC0155 /* NASRequestViewController.xib */ = {isa = PBXFileReference; lastKnownFileType = file.xib; path = NASRequestViewController.xib; sourceTree = "<group>"; };
		28AD733E0D9D9553002E5188 /* MainWindow.xib */ = {isa = PBXFileReference; lastKnownFileType = file.xib; path = MainWindow.xib; sourceTree = "<group>"; };
		28D7ACF60DDB3853001CB0EB /* NASRequestViewController.h */ = {isa = PBXFileReference; fileEncoding = 4; lastKnownFileType = sourcecode.c.h; path = NASRequestViewController.h; sourceTree = "<group>"; };
		28D7ACF70DDB3853001CB0EB /* NASRequestViewController.m */ = {isa = PBXFileReference; fileEncoding = 4; lastKnownFileType = sourcecode.c.objc; path = NASRequestViewController.m; sourceTree = "<group>"; };
		29B97316FDCFA39411CA2CEA /* main.m */ = {isa = PBXFileReference; fileEncoding = 4; lastKnownFileType = sourcecode.c.objc; path = main.m; sourceTree = "<group>"; };
		32CA4F630368D1EE00C91783 /* NASRequest_Prefix.pch */ = {isa = PBXFileReference; fileEncoding = 4; lastKnownFileType = sourcecode.c.h; path = NASRequest_Prefix.pch; sourceTree = "<group>"; };
		358C780C11D9AAAE00D5C700 /* NASDataRequest_Private.h */ = {isa = PBXFileReference; fileEncoding = 4; lastKnownFileType = sourcecode.c.h; path = NASDataRequest_Private.h; sourceTree = "<group>"; };
		358C780D11D9AAAE00D5C700 /* NASDataRequest.h */ = {isa = PBXFileReference; fileEncoding = 4; lastKnownFileType = sourcecode.c.h; path = NASDataRequest.h; sourceTree = "<group>"; };
		358C780E11D9AAAE00D5C700 /* NASDataRequest.mm */ = {isa = PBXFileReference; fileEncoding = 4; lastKnownFileType = sourcecode.cpp.objcpp; path = NASDataRequest.mm; sourceTree = "<group>"; };
		358C780F11D9AAAE00D5C700 /* NASServerTest.h */ = {isa = PBXFileReference; fileEncoding = 4; lastKnownFileType = sourcecode.c.h; path = NASServerTest.h; sourceTree = "<group>"; };
		358C781011D9AAAE00D5C700 /* NASServerTest.m */ = {isa = PBXFileReference; fileEncoding = 4; lastKnownFileType = sourcecode.c.objc; path = NASServerTest.m; sourceTree = "<group>"; };
		358C782A11D9AB3500D5C700 /* libcrypto.a */ = {isa = PBXFileReference; lastKnownFileType = archive.ar; name = libcrypto.a; path = "/Users/leon/开发/XMPP/Test/lib/libcrypto.a"; sourceTree = "<absolute>"; };
		358C782C11D9AB3500D5C700 /* libssl.a */ = {isa = PBXFileReference; lastKnownFileType = archive.ar; name = libssl.a; path = "/Users/leon/开发/XMPP/Test/lib/libssl.a"; sourceTree = "<absolute>"; };
		358C790611D9AD7800D5C700 /* JSON.h */ = {isa = PBXFileReference; fileEncoding = 4; lastKnownFileType = sourcecode.c.h; path = JSON.h; sourceTree = "<group>"; };
		358C790711D9AD7800D5C700 /* NSObject+SBJSON.h */ = {isa = PBXFileReference; fileEncoding = 4; lastKnownFileType = sourcecode.c.h; path = "NSObject+SBJSON.h"; sourceTree = "<group>"; };
		358C790811D9AD7800D5C700 /* NSObject+SBJSON.m */ = {isa = PBXFileReference; fileEncoding = 4; lastKnownFileType = sourcecode.c.objc; path = "NSObject+SBJSON.m"; sourceTree = "<group>"; };
		358C790911D9AD7800D5C700 /* NSString+SBJSON.h */ = {isa = PBXFileReference; fileEncoding = 4; lastKnownFileType = sourcecode.c.h; path = "NSString+SBJSON.h"; sourceTree = "<group>"; };
		358C790A11D9AD7800D5C700 /* NSString+SBJSON.m */ = {isa = PBXFileReference; fileEncoding = 4; lastKnownFileType = sourcecode.c.objc; path = "NSString+SBJSON.m"; sourceTree = "<group>"; };
		358C790B11D9AD7800D5C700 /* SBJSON.h */ = {isa = PBXFileReference; fileEncoding = 4; lastKnownFileType = sourcecode.c.h; path = SBJSON.h; sourceTree = "<group>"; };
		358C790C11D9AD7800D5C700 /* SBJSON.m */ = {isa = PBXFileReference; fileEncoding = 4; lastKnownFileType = sourcecode.c.objc; path = SBJSON.m; sourceTree = "<group>"; };
		358C790D11D9AD7800D5C700 /* SBJsonBase.h */ = {isa = PBXFileReference; fileEncoding = 4; lastKnownFileType = sourcecode.c.h; path = SBJsonBase.h; sourceTree = "<group>"; };
		358C790E11D9AD7800D5C700 /* SBJsonBase.m */ = {isa = PBXFileReference; fileEncoding = 4; lastKnownFileType = sourcecode.c.objc; path = SBJsonBase.m; sourceTree = "<group>"; };
		358C790F11D9AD7800D5C700 /* SBJsonParser.h */ = {isa = PBXFileReference; fileEncoding = 4; lastKnownFileType = sourcecode.c.h; path = SBJsonParser.h; sourceTree = "<group>"; };
		358C791011D9AD7800D5C700 /* SBJsonParser.m */ = {isa = PBXFileReference; fileEncoding = 4; lastKnownFileType = sourcecode.c.objc; path = SBJsonParser.m; sourceTree = "<group>"; };
		358C791111D9AD7800D5C700 /* SBJsonWriter.h */ = {isa = PBXFileReference; fileEncoding = 4; lastKnownFileType = sourcecode.c.h; path = SBJsonWriter.h; sourceTree = "<group>"; };
		358C791211D9AD7800D5C700 /* SBJsonWriter.m */ = {isa = PBXFileReference; fileEncoding = 4; lastKnownFileType = sourcecode.c.objc; path = SBJsonWriter.m; sourceTree = "<group>"; };
		8D1107310486CEB800E47090 /* NASRequest-Info.plist */ = {isa = PBXFileReference; fileEncoding = 4; lastKnownFileType = text.plist.xml; path = "NASRequest-Info.plist"; plistStructureDefinitionIdentifier = "com.apple.xcode.plist.structure-definition.iphone.info-plist"; sourceTree = "<group>"; };
/* End PBXFileReference section */

/* Begin PBXFrameworksBuildPhase section */
		1D60588F0D05DD3D006BFB54 /* Frameworks */ = {
			isa = PBXFrameworksBuildPhase;
			buildActionMask = 2147483647;
			files = (
				1D60589F0D05DD5A006BFB54 /* Foundation.framework in Frameworks */,
				1DF5F4E00D08C38300B7A737 /* UIKit.framework in Frameworks */,
				288765A50DF7441C002DB57D /* CoreGraphics.framework in Frameworks */,
				358C782B11D9AB3500D5C700 /* libcrypto.a in Frameworks */,
				358C782D11D9AB3500D5C700 /* libssl.a in Frameworks */,
			);
			runOnlyForDeploymentPostprocessing = 0;
		};
/* End PBXFrameworksBuildPhase section */

/* Begin PBXGroup section */
		080E96DDFE201D6D7F000001 /* Classes */ = {
			isa = PBXGroup;
			children = (
				358C790511D9AD7800D5C700 /* JSON */,
				358C780C11D9AAAE00D5C700 /* NASDataRequest_Private.h */,
				358C780D11D9AAAE00D5C700 /* NASDataRequest.h */,
				358C780E11D9AAAE00D5C700 /* NASDataRequest.mm */,
				358C780F11D9AAAE00D5C700 /* NASServerTest.h */,
				358C781011D9AAAE00D5C700 /* NASServerTest.m */,
				1D3623240D0F684500981E51 /* NASRequestAppDelegate.h */,
				1D3623250D0F684500981E51 /* NASRequestAppDelegate.m */,
				28D7ACF60DDB3853001CB0EB /* NASRequestViewController.h */,
				28D7ACF70DDB3853001CB0EB /* NASRequestViewController.m */,
			);
			path = Classes;
			sourceTree = "<group>";
		};
		19C28FACFE9D520D11CA2CBB /* Products */ = {
			isa = PBXGroup;
			children = (
				1D6058910D05DD3D006BFB54 /* NASRequest.app */,
			);
			name = Products;
			sourceTree = "<group>";
		};
		29B97314FDCFA39411CA2CEA /* CustomTemplate */ = {
			isa = PBXGroup;
			children = (
				080E96DDFE201D6D7F000001 /* Classes */,
				29B97315FDCFA39411CA2CEA /* Other Sources */,
				29B97317FDCFA39411CA2CEA /* Resources */,
				29B97323FDCFA39411CA2CEA /* Frameworks */,
				19C28FACFE9D520D11CA2CBB /* Products */,
			);
			name = CustomTemplate;
			sourceTree = "<group>";
		};
		29B97315FDCFA39411CA2CEA /* Other Sources */ = {
			isa = PBXGroup;
			children = (
				32CA4F630368D1EE00C91783 /* NASRequest_Prefix.pch */,
				29B97316FDCFA39411CA2CEA /* main.m */,
			);
			name = "Other Sources";
			sourceTree = "<group>";
		};
		29B97317FDCFA39411CA2CEA /* Resources */ = {
			isa = PBXGroup;
			children = (
				2899E5210DE3E06400AC0155 /* NASRequestViewController.xib */,
				28AD733E0D9D9553002E5188 /* MainWindow.xib */,
				8D1107310486CEB800E47090 /* NASRequest-Info.plist */,
			);
			name = Resources;
			sourceTree = "<group>";
		};
		29B97323FDCFA39411CA2CEA /* Frameworks */ = {
			isa = PBXGroup;
			children = (
				1DF5F4DF0D08C38300B7A737 /* UIKit.framework */,
				1D30AB110D05D00D00671497 /* Foundation.framework */,
				288765A40DF7441C002DB57D /* CoreGraphics.framework */,
				358C782A11D9AB3500D5C700 /* libcrypto.a */,
				358C782C11D9AB3500D5C700 /* libssl.a */,
			);
			name = Frameworks;
			sourceTree = "<group>";
		};
		358C790511D9AD7800D5C700 /* JSON */ = {
			isa = PBXGroup;
			children = (
				358C790611D9AD7800D5C700 /* JSON.h */,
				358C790711D9AD7800D5C700 /* NSObject+SBJSON.h */,
				358C790811D9AD7800D5C700 /* NSObject+SBJSON.m */,
				358C790911D9AD7800D5C700 /* NSString+SBJSON.h */,
				358C790A11D9AD7800D5C700 /* NSString+SBJSON.m */,
				358C790B11D9AD7800D5C700 /* SBJSON.h */,
				358C790C11D9AD7800D5C700 /* SBJSON.m */,
				358C790D11D9AD7800D5C700 /* SBJsonBase.h */,
				358C790E11D9AD7800D5C700 /* SBJsonBase.m */,
				358C790F11D9AD7800D5C700 /* SBJsonParser.h */,
				358C791011D9AD7800D5C700 /* SBJsonParser.m */,
				358C791111D9AD7800D5C700 /* SBJsonWriter.h */,
				358C791211D9AD7800D5C700 /* SBJsonWriter.m */,
			);
			path = JSON;
			sourceTree = "<group>";
		};
/* End PBXGroup section */

/* Begin PBXNativeTarget section */
		1D6058900D05DD3D006BFB54 /* NASRequest */ = {
			isa = PBXNativeTarget;
			buildConfigurationList = 1D6058960D05DD3E006BFB54 /* Build configuration list for PBXNativeTarget "NASRequest" */;
			buildPhases = (
				1D60588D0D05DD3D006BFB54 /* Resources */,
				1D60588E0D05DD3D006BFB54 /* Sources */,
				1D60588F0D05DD3D006BFB54 /* Frameworks */,
			);
			buildRules = (
			);
			dependencies = (
			);
			name = NASRequest;
			productName = NASRequest;
			productReference = 1D6058910D05DD3D006BFB54 /* NASRequest.app */;
			productType = "com.apple.product-type.application";
		};
/* End PBXNativeTarget section */

/* Begin PBXProject section */
		29B97313FDCFA39411CA2CEA /* Project object */ = {
			isa = PBXProject;
			buildConfigurationList = C01FCF4E08A954540054247B /* Build configuration list for PBXProject "NASRequest" */;
			compatibilityVersion = "Xcode 3.1";
			hasScannedForEncodings = 1;
			mainGroup = 29B97314FDCFA39411CA2CEA /* CustomTemplate */;
			projectDirPath = "";
			projectRoot = "";
			targets = (
				1D6058900D05DD3D006BFB54 /* NASRequest */,
			);
		};
/* End PBXProject section */

/* Begin PBXResourcesBuildPhase section */
		1D60588D0D05DD3D006BFB54 /* Resources */ = {
			isa = PBXResourcesBuildPhase;
			buildActionMask = 2147483647;
			files = (
				28AD733F0D9D9553002E5188 /* MainWindow.xib in Resources */,
				2899E5220DE3E06400AC0155 /* NASRequestViewController.xib in Resources */,
			);
			runOnlyForDeploymentPostprocessing = 0;
		};
/* End PBXResourcesBuildPhase section */

/* Begin PBXSourcesBuildPhase section */
		1D60588E0D05DD3D006BFB54 /* Sources */ = {
			isa = PBXSourcesBuildPhase;
			buildActionMask = 2147483647;
			files = (
				1D60589B0D05DD56006BFB54 /* main.m in Sources */,
				1D3623260D0F684500981E51 /* NASRequestAppDelegate.m in Sources */,
				28D7ACF80DDB3853001CB0EB /* NASRequestViewController.m in Sources */,
				358C781111D9AAAE00D5C700 /* NASDataRequest.mm in Sources */,
				358C781211D9AAAE00D5C700 /* NASServerTest.m in Sources */,
				358C791311D9AD7800D5C700 /* NSObject+SBJSON.m in Sources */,
				358C791411D9AD7800D5C700 /* NSString+SBJSON.m in Sources */,
				358C791511D9AD7800D5C700 /* SBJSON.m in Sources */,
				358C791611D9AD7800D5C700 /* SBJsonBase.m in Sources */,
				358C791711D9AD7800D5C700 /* SBJsonParser.m in Sources */,
				358C791811D9AD7800D5C700 /* SBJsonWriter.m in Sources */,
			);
			runOnlyForDeploymentPostprocessing = 0;
		};
/* End PBXSourcesBuildPhase section */

/* Begin XCBuildConfiguration section */
		1D6058940D05DD3E006BFB54 /* Debug */ = {
			isa = XCBuildConfiguration;
			buildSettings = {
				ALWAYS_SEARCH_USER_PATHS = NO;
				COPY_PHASE_STRIP = NO;
				GCC_DYNAMIC_NO_PIC = NO;
				GCC_OPTIMIZATION_LEVEL = 0;
				GCC_PRECOMPILE_PREFIX_HEADER = YES;
				GCC_PREFIX_HEADER = NASRequest_Prefix.pch;
				INFOPLIST_FILE = "NASRequest-Info.plist";
				LIBRARY_SEARCH_PATHS = (
					"$(inherited)",
					"\"$(SRCROOT)/../lib\"",
				);
				PRODUCT_NAME = NASRequest;
			};
			name = Debug;
		};
		1D6058950D05DD3E006BFB54 /* Release */ = {
			isa = XCBuildConfiguration;
			buildSettings = {
				ALWAYS_SEARCH_USER_PATHS = NO;
				COPY_PHASE_STRIP = YES;
				GCC_PRECOMPILE_PREFIX_HEADER = YES;
				GCC_PREFIX_HEADER = NASRequest_Prefix.pch;
				INFOPLIST_FILE = "NASRequest-Info.plist";
				LIBRARY_SEARCH_PATHS = (
					"$(inherited)",
					"\"$(SRCROOT)/../lib\"",
				);
				PRODUCT_NAME = NASRequest;
				VALIDATE_PRODUCT = YES;
			};
			name = Release;
		};
		C01FCF4F08A954540054247B /* Debug */ = {
			isa = XCBuildConfiguration;
			buildSettings = {
				ADDITIONAL_SDKS = "";
				ARCHS = "$(ARCHS_STANDARD_32_BIT)";
				"CODE_SIGN_IDENTITY[sdk=iphoneos*]" = "iPhone Developer";
				GCC_C_LANGUAGE_STANDARD = c99;
				GCC_WARN_ABOUT_RETURN_TYPE = YES;
				GCC_WARN_UNUSED_VARIABLE = YES;
				HEADER_SEARCH_PATHS = ../include;
				OTHER_LDFLAGS = "";
				PREBINDING = NO;
				SDKROOT = iphoneos4.0;
				USER_HEADER_SEARCH_PATHS = ../include;
			};
			name = Debug;
		};
		C01FCF5008A954540054247B /* Release */ = {
			isa = XCBuildConfiguration;
			buildSettings = {
				ARCHS = "$(ARCHS_STANDARD_32_BIT)";
				"CODE_SIGN_IDENTITY[sdk=iphoneos*]" = "iPhone Developer";
				GCC_C_LANGUAGE_STANDARD = c99;
				GCC_WARN_ABOUT_RETURN_TYPE = YES;
				GCC_WARN_UNUSED_VARIABLE = YES;
				OTHER_CFLAGS = "-DNS_BLOCK_ASSERTIONS=1";
				PREBINDING = NO;
				SDKROOT = iphoneos4.0;
			};
			name = Release;
		};
/* End XCBuildConfiguration section */

/* Begin XCConfigurationList section */
		1D6058960D05DD3E006BFB54 /* Build configuration list for PBXNativeTarget "NASRequest" */ = {
			isa = XCConfigurationList;
			buildConfigurations = (
				1D6058940D05DD3E006BFB54 /* Debug */,
				1D6058950D05DD3E006BFB54 /* Release */,
			);
			defaultConfigurationIsVisible = 0;
			defaultConfigurationName = Release;
		};
		C01FCF4E08A954540054247B /* Build configuration list for PBXProject "NASRequest" */ = {
			isa = XCConfigurationList;
			buildConfigurations = (
				C01FCF4F08A954540054247B /* Debug */,
				C01FCF5008A954540054247B /* Release */,
			);
			defaultConfigurationIsVisible = 0;
			defaultConfigurationName = Release;
		};
/* End XCConfigurationList section */
	};
	rootObject = 29B97313FDCFA39411CA2CEA /* Project object */;
}
